
Microsoft Visual Studio Solution File, Format Version 12.00
# Visual Studio 15
VisualStudioVersion = 15.0.27130.2020
MinimumVisualStudioVersion = 10.0.40219.1
Project("{FAE04EC0-301F-11D3-BF4B-00C04F79EFBC}") = "TraineesManagementMVC", "TraineesManagementMVC\TraineesManagementMVC.csproj", "{A3F31575-A5DC-4874-999A-BC53872BD7DA}"
EndProject
Global
	GlobalSection(SolutionConfigurationPlatforms) = preSolution
		Debug|Any CPU = Debug|Any CPU
		Release|Any CPU = Release|Any CPU
	EndGlobalSection
	GlobalSection(ProjectConfigurationPlatforms) = postSolution
		{A3F31575-A5DC-4874-999A-BC53872BD7DA}.Debug|Any CPU.ActiveCfg = Debug|Any CPU
		{A3F31575-A5DC-4874-999A-BC53872BD7DA}.Debug|Any CPU.Build.0 = Debug|Any CPU
		{A3F31575-A5DC-4874-999A-BC53872BD7DA}.Release|Any CPU.ActiveCfg = Release|Any CPU
		{A3F31575-A5DC-4874-999A-BC53872BD7DA}.Release|Any CPU.Build.0 = Release|Any CPU
	EndGlobalSection
	GlobalSection(SolutionProperties) = preSolution
		HideSolutionNode = FALSE
	EndGlobalSection
	GlobalSection(ExtensibilityGlobals) = postSolution
		SolutionGuid = {D137F7FF-872C-47D1-8E95-6CF9DAA3E442}
	EndGlobalSection
EndGlobal
